
Microsoft Visual Studio Solution File, Format Version 12.00
# TcXaeShell Solution File, Format Version 11.00
VisualStudioVersion = 15.0.33403.129
MinimumVisualStudioVersion = 10.0.40219.1
Project("{B1E792BE-AA5F-4E3C-8C82-674BF9C0715B}") = "libMBIDivB", "libMBIDivB\libMBIDivB.tsproj", "{00024DEB-7C6A-4AB0-B8EF-0F94FEE0FFA5}"
EndProject
Global
	GlobalSection(SolutionConfigurationPlatforms) = preSolution
		Debug|TwinCAT CE7 (ARMV7) = Debug|TwinCAT CE7 (ARMV7)
		Debug|TwinCAT OS (ARMT2) = Debug|TwinCAT OS (ARMT2)
		Debug|TwinCAT RT (x64) = Debug|TwinCAT RT (x64)
		Debug|TwinCAT RT (x86) = Debug|TwinCAT RT (x86)
		Release|TwinCAT CE7 (ARMV7) = Release|TwinCAT CE7 (ARMV7)
		Release|TwinCAT OS (ARMT2) = Release|TwinCAT OS (ARMT2)
		Release|TwinCAT RT (x64) = Release|TwinCAT RT (x64)
		Release|TwinCAT RT (x86) = Release|TwinCAT RT (x86)
	EndGlobalSection
	GlobalSection(ProjectConfigurationPlatforms) = postSolution
		{00024DEB-7C6A-4AB0-B8EF-0F94FEE0FFA5}.Debug|TwinCAT CE7 (ARMV7).ActiveCfg = Debug|TwinCAT CE7 (ARMV7)
		{00024DEB-7C6A-4AB0-B8EF-0F94FEE0FFA5}.Debug|TwinCAT CE7 (ARMV7).Build.0 = Debug|TwinCAT CE7 (ARMV7)
		{00024DEB-7C6A-4AB0-B8EF-0F94FEE0FFA5}.Debug|TwinCAT OS (ARMT2).ActiveCfg = Debug|TwinCAT OS (ARMT2)
		{00024DEB-7C6A-4AB0-B8EF-0F94FEE0FFA5}.Debug|TwinCAT OS (ARMT2).Build.0 = Debug|TwinCAT OS (ARMT2)
		{00024DEB-7C6A-4AB0-B8EF-0F94FEE0FFA5}.Debug|TwinCAT RT (x64).ActiveCfg = Debug|TwinCAT RT (x64)
		{00024DEB-7C6A-4AB0-B8EF-0F94FEE0FFA5}.Debug|TwinCAT RT (x64).Build.0 = Debug|TwinCAT RT (x64)
		{00024DEB-7C6A-4AB0-B8EF-0F94FEE0FFA5}.Debug|TwinCAT RT (x86).ActiveCfg = Debug|TwinCAT RT (x86)
		{00024DEB-7C6A-4AB0-B8EF-0F94FEE0FFA5}.Debug|TwinCAT RT (x86).Build.0 = Debug|TwinCAT RT (x86)
		{00024DEB-7C6A-4AB0-B8EF-0F94FEE0FFA5}.Release|TwinCAT CE7 (ARMV7).ActiveCfg = Release|TwinCAT CE7 (ARMV7)
		{00024DEB-7C6A-4AB0-B8EF-0F94FEE0FFA5}.Release|TwinCAT CE7 (ARMV7).Build.0 = Release|TwinCAT CE7 (ARMV7)
		{00024DEB-7C6A-4AB0-B8EF-0F94FEE0FFA5}.Release|TwinCAT OS (ARMT2).ActiveCfg = Release|TwinCAT OS (ARMT2)
		{00024DEB-7C6A-4AB0-B8EF-0F94FEE0FFA5}.Release|TwinCAT OS (ARMT2).Build.0 = Release|TwinCAT OS (ARMT2)
		{00024DEB-7C6A-4AB0-B8EF-0F94FEE0FFA5}.Release|TwinCAT RT (x64).ActiveCfg = Release|TwinCAT RT (x64)
		{00024DEB-7C6A-4AB0-B8EF-0F94FEE0FFA5}.Release|TwinCAT RT (x64).Build.0 = Release|TwinCAT RT (x64)
		{00024DEB-7C6A-4AB0-B8EF-0F94FEE0FFA5}.Release|TwinCAT RT (x86).ActiveCfg = Release|TwinCAT RT (x86)
		{00024DEB-7C6A-4AB0-B8EF-0F94FEE0FFA5}.Release|TwinCAT RT (x86).Build.0 = Release|TwinCAT RT (x86)
		{75B04F5E-4F8A-462D-A2BE-0703EEBB57C9}.Debug|TwinCAT CE7 (ARMV7).ActiveCfg = Debug|TwinCAT CE7 (ARMV7)
		{75B04F5E-4F8A-462D-A2BE-0703EEBB57C9}.Debug|TwinCAT CE7 (ARMV7).Build.0 = Debug|TwinCAT CE7 (ARMV7)
		{75B04F5E-4F8A-462D-A2BE-0703EEBB57C9}.Debug|TwinCAT OS (ARMT2).ActiveCfg = Debug|TwinCAT OS (ARMT2)
		{75B04F5E-4F8A-462D-A2BE-0703EEBB57C9}.Debug|TwinCAT OS (ARMT2).Build.0 = Debug|TwinCAT OS (ARMT2)
		{75B04F5E-4F8A-462D-A2BE-0703EEBB57C9}.Debug|TwinCAT RT (x64).ActiveCfg = Debug|TwinCAT RT (x64)
		{75B04F5E-4F8A-462D-A2BE-0703EEBB57C9}.Debug|TwinCAT RT (x64).Build.0 = Debug|TwinCAT RT (x64)
		{75B04F5E-4F8A-462D-A2BE-0703EEBB57C9}.Debug|TwinCAT RT (x86).ActiveCfg = Debug|TwinCAT RT (x86)
		{75B04F5E-4F8A-462D-A2BE-0703EEBB57C9}.Debug|TwinCAT RT (x86).Build.0 = Debug|TwinCAT RT (x86)
		{75B04F5E-4F8A-462D-A2BE-0703EEBB57C9}.Release|TwinCAT CE7 (ARMV7).ActiveCfg = Release|TwinCAT CE7 (ARMV7)
		{75B04F5E-4F8A-462D-A2BE-0703EEBB57C9}.Release|TwinCAT CE7 (ARMV7).Build.0 = Release|TwinCAT CE7 (ARMV7)
		{75B04F5E-4F8A-462D-A2BE-0703EEBB57C9}.Release|TwinCAT OS (ARMT2).ActiveCfg = Release|TwinCAT OS (ARMT2)
		{75B04F5E-4F8A-462D-A2BE-0703EEBB57C9}.Release|TwinCAT OS (ARMT2).Build.0 = Release|TwinCAT OS (ARMT2)
		{75B04F5E-4F8A-462D-A2BE-0703EEBB57C9}.Release|TwinCAT RT (x64).ActiveCfg = Release|TwinCAT RT (x64)
		{75B04F5E-4F8A-462D-A2BE-0703EEBB57C9}.Release|TwinCAT RT (x64).Build.0 = Release|TwinCAT RT (x64)
		{75B04F5E-4F8A-462D-A2BE-0703EEBB57C9}.Release|TwinCAT RT (x86).ActiveCfg = Release|TwinCAT RT (x86)
		{75B04F5E-4F8A-462D-A2BE-0703EEBB57C9}.Release|TwinCAT RT (x86).Build.0 = Release|TwinCAT RT (x86)
	EndGlobalSection
	GlobalSection(SolutionProperties) = preSolution
		HideSolutionNode = FALSE
	EndGlobalSection
	GlobalSection(ExtensibilityGlobals) = postSolution
		SolutionGuid = {1F8A44E0-FE7A-407E-9D61-12A8750BBBF5}
	EndGlobalSection
EndGlobal
